{
  "requires": true,
  "lockfileVersion": 1,
  "dependencies": {
    "odata-query": {
      "version": "5.6.1",
      "resolved": "https://registry.npmjs.org/odata-query/-/odata-query-5.6.1.tgz",
      "integrity": "sha512-NgcSdoZhZbU14E8s6FqjsSWk4we7LgqbDBRyWv4wfue5Ss+eOsI0YLF2ys7KX78fiQqYo+1RWwxE4FLk4Vq1fQ=="
    }
  }
}
