
Microsoft Visual Studio Solution File, Format Version 12.00
# Visual Studio Version 16
VisualStudioVersion = 16.0.28922.388
MinimumVisualStudioVersion = 10.0.40219.1
Project("{9A19103F-16F7-4668-BE54-9A1E7A4F7556}") = "ODATAT", "ODATAT.csproj", "{657C6DE3-1262-4F1B-9FDA-92A4CCE94857}"
EndProject
Project("{FAE04EC0-301F-11D3-BF4B-00C04F79EFBC}") = "odatahttp", "..\odatahttp\odatahttp.csproj", "{C26422BE-51AF-469D-9F6F-4B60EED39768}"
EndProject
Global
	GlobalSection(SolutionConfigurationPlatforms) = preSolution
		Debug|Any CPU = Debug|Any CPU
		Release|Any CPU = Release|Any CPU
	EndGlobalSection
	GlobalSection(ProjectConfigurationPlatforms) = postSolution
		{657C6DE3-1262-4F1B-9FDA-92A4CCE94857}.Debug|Any CPU.ActiveCfg = Debug|Any CPU
		{657C6DE3-1262-4F1B-9FDA-92A4CCE94857}.Debug|Any CPU.Build.0 = Debug|Any CPU
		{657C6DE3-1262-4F1B-9FDA-92A4CCE94857}.Release|Any CPU.ActiveCfg = Release|Any CPU
		{657C6DE3-1262-4F1B-9FDA-92A4CCE94857}.Release|Any CPU.Build.0 = Release|Any CPU
		{C26422BE-51AF-469D-9F6F-4B60EED39768}.Debug|Any CPU.ActiveCfg = Debug|Any CPU
		{C26422BE-51AF-469D-9F6F-4B60EED39768}.Debug|Any CPU.Build.0 = Debug|Any CPU
		{C26422BE-51AF-469D-9F6F-4B60EED39768}.Release|Any CPU.ActiveCfg = Release|Any CPU
		{C26422BE-51AF-469D-9F6F-4B60EED39768}.Release|Any CPU.Build.0 = Release|Any CPU
	EndGlobalSection
	GlobalSection(SolutionProperties) = preSolution
		HideSolutionNode = FALSE
	EndGlobalSection
	GlobalSection(ExtensibilityGlobals) = postSolution
		SolutionGuid = {6F453C6F-A3DA-48F6-B971-B8CC68099307}
	EndGlobalSection
EndGlobal
